PODS:
  - Alamofire (5.5.0)
  - Cosmos (23.0.0)
  - DLRadioButton (1.4.12)
  - FSCalendar (2.8.2)
  - FSPagerView (0.8.3)
  - iOSDropDown (0.3.4)
  - IQKeyboardManager (6.5.9)
  - Kingfisher (7.2.0)
  - RangeSeekSlider (1.8.0)
  - SKCountryPicker (2.0.0)
  - SwiftEntryKit (2.0.0)
  - SwiftMessages (9.0.6):
    - SwiftMessages/App (= 9.0.6)
  - SwiftMessages/App (9.0.6)
  - TransitionButton (0.5.3)
  - "UIView+Shake (1.4.0)"

DEPENDENCIES:
  - Alamofire
  - Cosmos
  - DLRadioButton
  - FSCalendar
  - FSPagerView
  - iOSDropDown
  - IQKeyboardManager
  - Kingfisher
  - RangeSeekSlider
  - SKCountryPicker
  - SwiftEntryKit
  - SwiftMessages
  - TransitionButton
  - "UIView+Shake"

SPEC REPOS:
  trunk:
    - Alamofire
    - Cosmos
    - DLRadioButton
    - FSCalendar
    - FSPagerView
    - iOSDropDown
    - IQKeyboardManager
    - Kingfisher
    - RangeSeekSlider
    - SKCountryPicker
    - SwiftEntryKit
    - SwiftMessages
    - TransitionButton
    - "UIView+Shake"

SPEC CHECKSUMS:
  Alamofire: 1c4fb5369c3fe93d2857c780d8bbe09f06f97e7c
  Cosmos: b5c6a9a637e28a061b54c8f8b1d8529d7d4db73f
  DLRadioButton: d7c4e225ed0e8013cef7be61455230c7557ad7c1
  FSCalendar: e6a2eb9c571bf0719ed797ef807e08426753c241
  FSPagerView: 670405b2f18e2a87fa37f20b00de783e562c25a8
  iOSDropDown: c10a761f9a00c3f1cc9d3bce43ae504628e2f692
  IQKeyboardManager: 241cc94ccabc9deb8f8bd7d12f00d73288d13ecc
  Kingfisher: 3ac0b75b155cabc0e544877d1a4deea29feece92
  RangeSeekSlider: 650b11fa1edcb92e1e0ede797669d98622570fb5
  SKCountryPicker: 9d4921503cad7224a14a150802bb71228adbd90f
  SwiftEntryKit: 61b5fa36f34a97dd8013e48a7345bc4c4720be9a
  SwiftMessages: f0c7ef4705a570ad6c5e208b611f4333e660ed92
  TransitionButton: 36283346e17c64775a1b3bc3a7a72940a367de1f
  "UIView+Shake": 055ad67721de1f74d29c0a1d464697e505dfc62f

PODFILE CHECKSUM: 1ea2489f9024bfc2b6855b569c92c367a180a79c

COCOAPODS: 1.11.2
